{
    "version": 3,
    "terraform_version": "0.11.14",
    "serial": 2,
    "lineage": "3c629b61-9c09-4d13-e797-69e96ac66cee",
    "modules": [
        {
            "path": [
                "root"
            ],
            "outputs": {
                "IP Address": {
                    "sensitive": false,
                    "type": "string",
                    "value": "172.17.0.3"
                },
                "container_name": {
                    "sensitive": false,
                    "type": "string",
                    "value": "Prod_blog"
                }
            },
            "resources": {},
            "depends_on": []
        },
        {
            "path": [
                "root",
                "container"
            ],
            "outputs": {
                "container_name": {
                    "sensitive": false,
                    "type": "string",
                    "value": "Prod_blog"
                },
                "ip": {
                    "sensitive": false,
                    "type": "string",
                    "value": "172.17.0.3"
                }
            },
            "resources": {
                "docker_container.container_id": {
                    "type": "docker_container",
                    "depends_on": [],
                    "primary": {
                        "id": "680ad411ea6eb632f565657228ff14b241d3ae0149e5977b10e945b535431574",
                        "attributes": {
                            "attach": "false",
                            "bridge": "",
                            "gateway": "172.17.0.1",
                            "id": "680ad411ea6eb632f565657228ff14b241d3ae0149e5977b10e945b535431574",
                            "image": "sha256:baf6bf4db1ded5445db5d1df82424677bd25cf85f83ef83d0799def35c915481",
                            "ip_address": "172.17.0.3",
                            "ip_prefix_length": "16",
                            "log_driver": "json-file",
                            "logs": "false",
                            "must_run": "true",
                            "name": "Prod_blog",
                            "network_data.#": "1",
                            "network_data.0.gateway": "172.17.0.1",
                            "network_data.0.ip_address": "172.17.0.3",
                            "network_data.0.ip_prefix_length": "16",
                            "network_data.0.network_name": "bridge",
                            "ports.#": "1",
                            "ports.0.external": "80",
                            "ports.0.internal": "2368",
                            "ports.0.ip": "0.0.0.0",
                            "ports.0.protocol": "tcp",
                            "restart": "no",
                            "rm": "false",
                            "start": "true"
                        },
                        "meta": {
                            "schema_version": "1"
                        },
                        "tainted": false
                    },
                    "deposed": [],
                    "provider": "provider.docker"
                }
            },
            "depends_on": []
        },
        {
            "path": [
                "root",
                "image"
            ],
            "outputs": {
                "img_output": {
                    "sensitive": false,
                    "type": "string",
                    "value": "sha256:baf6bf4db1ded5445db5d1df82424677bd25cf85f83ef83d0799def35c915481"
                }
            },
            "resources": {
                "docker_image.image_id": {
                    "type": "docker_image",
                    "depends_on": [],
                    "primary": {
                        "id": "sha256:baf6bf4db1ded5445db5d1df82424677bd25cf85f83ef83d0799def35c915481ghost:alpine",
                        "attributes": {
                            "id": "sha256:baf6bf4db1ded5445db5d1df82424677bd25cf85f83ef83d0799def35c915481ghost:alpine",
                            "latest": "sha256:baf6bf4db1ded5445db5d1df82424677bd25cf85f83ef83d0799def35c915481",
                            "name": "ghost:alpine"
                        },
                        "meta": {},
                        "tainted": false
                    },
                    "deposed": [],
                    "provider": "provider.docker"
                }
            },
            "depends_on": []
        }
    ]
}
