{
    "version": 3,
    "terraform_version": "0.11.14",
    "serial": 3,
    "lineage": "e6b47e6c-ac73-4a6c-d0c9-d5ad93907ce1",
    "modules": [
        {
            "path": [
                "root"
            ],
            "outputs": {},
            "resources": {
                "aws_s3_bucket.tf_code_bucket": {
                    "type": "aws_s3_bucket",
                    "depends_on": [
                        "random_id.tf_bucket_id"
                    ],
                    "primary": {
                        "id": "tfegyproject1-49793",
                        "attributes": {
                            "acceleration_status": "",
                            "acl": "private",
                            "arn": "arn:aws:s3:::tfegyproject1-49793",
                            "bucket": "tfegyproject1-49793",
                            "bucket_domain_name": "tfegyproject1-49793.s3.amazonaws.com",
                            "bucket_regional_domain_name": "tfegyproject1-49793.s3.eu-west-1.amazonaws.com",
                            "cors_rule.#": "0",
                            "force_destroy": "true",
                            "hosted_zone_id": "Z1BKCTXD74EZPE",
                            "id": "tfegyproject1-49793",
                            "lifecycle_rule.#": "0",
                            "logging.#": "0",
                            "object_lock_configuration.#": "0",
                            "region": "eu-west-1",
                            "replication_configuration.#": "0",
                            "request_payer": "BucketOwner",
                            "server_side_encryption_configuration.#": "0",
                            "tags.%": "1",
                            "tags.Name": "tf_code_bucket",
                            "versioning.#": "1",
                            "versioning.0.enabled": "false",
                            "versioning.0.mfa_delete": "false",
                            "website.#": "0"
                        },
                        "meta": {},
                        "tainted": false
                    },
                    "deposed": [],
                    "provider": "provider.aws"
                },
                "random_id.tf_bucket_id": {
                    "type": "random_id",
                    "depends_on": [],
                    "primary": {
                        "id": "woE",
                        "attributes": {
                            "b64": "woE",
                            "b64_std": "woE=",
                            "b64_url": "woE",
                            "byte_length": "2",
                            "dec": "49793",
                            "hex": "c281",
                            "id": "woE"
                        },
                        "meta": {},
                        "tainted": false
                    },
                    "deposed": [],
                    "provider": "provider.random"
                }
            },
            "depends_on": []
        }
    ]
}
