{
    "version": 3,
    "terraform_version": "0.11.14",
    "serial": 7,
    "lineage": "a08e3ab4-a03f-d79a-758c-68b2dd55d747",
    "modules": [
        {
            "path": [
                "root"
            ],
            "outputs": {
                "IP Address": {
                    "sensitive": false,
                    "type": "string",
                    "value": "172.17.0.2"
                },
                "container_name": {
                    "sensitive": false,
                    "type": "string",
                    "value": "Dev_blog"
                }
            },
            "resources": {},
            "depends_on": []
        },
        {
            "path": [
                "root",
                "container"
            ],
            "outputs": {
                "container_name": {
                    "sensitive": false,
                    "type": "string",
                    "value": "Dev_blog"
                },
                "ip": {
                    "sensitive": false,
                    "type": "string",
                    "value": "172.17.0.2"
                }
            },
            "resources": {
                "docker_container.container_id": {
                    "type": "docker_container",
                    "depends_on": [],
                    "primary": {
                        "id": "5a4fba9007823225fc01bf99162cae33411b3e06ef9f6a71d6d5bcdd26e604eb",
                        "attributes": {
                            "attach": "false",
                            "bridge": "",
                            "gateway": "172.17.0.1",
                            "id": "5a4fba9007823225fc01bf99162cae33411b3e06ef9f6a71d6d5bcdd26e604eb",
                            "image": "sha256:fc9f7c30730ee61482d97670046b54cc5957b66017f9f3a692a0108845b5d4dd",
                            "ip_address": "172.17.0.2",
                            "ip_prefix_length": "16",
                            "log_driver": "json-file",
                            "logs": "false",
                            "must_run": "true",
                            "name": "Dev_blog",
                            "network_data.#": "1",
                            "network_data.0.gateway": "172.17.0.1",
                            "network_data.0.ip_address": "172.17.0.2",
                            "network_data.0.ip_prefix_length": "16",
                            "network_data.0.network_name": "bridge",
                            "ports.#": "1",
                            "ports.0.external": "8081",
                            "ports.0.internal": "2368",
                            "ports.0.ip": "0.0.0.0",
                            "ports.0.protocol": "tcp",
                            "restart": "no",
                            "rm": "false",
                            "start": "true"
                        },
                        "meta": {
                            "schema_version": "1"
                        },
                        "tainted": false
                    },
                    "deposed": [],
                    "provider": "provider.docker"
                }
            },
            "depends_on": []
        },
        {
            "path": [
                "root",
                "image"
            ],
            "outputs": {
                "img_output": {
                    "sensitive": false,
                    "type": "string",
                    "value": "sha256:fc9f7c30730ee61482d97670046b54cc5957b66017f9f3a692a0108845b5d4dd"
                }
            },
            "resources": {
                "docker_image.image_id": {
                    "type": "docker_image",
                    "depends_on": [],
                    "primary": {
                        "id": "sha256:fc9f7c30730ee61482d97670046b54cc5957b66017f9f3a692a0108845b5d4ddghost:latest",
                        "attributes": {
                            "id": "sha256:fc9f7c30730ee61482d97670046b54cc5957b66017f9f3a692a0108845b5d4ddghost:latest",
                            "latest": "sha256:fc9f7c30730ee61482d97670046b54cc5957b66017f9f3a692a0108845b5d4dd",
                            "name": "ghost:latest"
                        },
                        "meta": {},
                        "tainted": false
                    },
                    "deposed": [],
                    "provider": "provider.docker"
                }
            },
            "depends_on": []
        }
    ]
}
