{
    "version": 3,
    "terraform_version": "0.11.14",
    "serial": 10,
    "lineage": "7b51035f-3701-e497-a19a-4d01fb9dfbbf",
    "modules": [
        {
            "path": [
                "root"
            ],
            "outputs": {
                "s3_bucket_name": {
                    "sensitive": false,
                    "type": "string",
                    "value": "mttfproject-50363"
                }
            },
            "resources": {},
            "depends_on": []
        },
        {
            "path": [
                "root",
                "ec2compute"
            ],
            "outputs": {},
            "resources": {
                "aws_instance.tf_instance.0": {
                    "type": "aws_instance",
                    "depends_on": [
                        "aws_key_pair.tf_key_pair",
                        "data.aws_ami.server_ami",
                        "data.template_file.bootstrap_script.*"
                    ],
                    "primary": {
                        "id": "i-0ad6a592bcb0a01b4",
                        "attributes": {
                            "ami": "ami-0862aabda3fb488b5",
                            "arn": "arn:aws:ec2:eu-west-1:451113728427:instance/i-0ad6a592bcb0a01b4",
                            "associate_public_ip_address": "true",
                            "availability_zone": "eu-west-1a",
                            "cpu_core_count": "1",
                            "cpu_threads_per_core": "1",
                            "credit_specification.#": "1",
                            "credit_specification.0.cpu_credits": "standard",
                            "disable_api_termination": "false",
                            "ebs_block_device.#": "0",
                            "ebs_optimized": "false",
                            "ephemeral_block_device.#": "0",
                            "get_password_data": "false",
                            "iam_instance_profile": "",
                            "id": "i-0ad6a592bcb0a01b4",
                            "instance_state": "running",
                            "instance_type": "t2.micro",
                            "ipv6_address_count": "0",
                            "ipv6_addresses.#": "0",
                            "key_name": "tf_sshkey",
                            "monitoring": "false",
                            "network_interface.#": "0",
                            "password_data": "",
                            "placement_group": "",
                            "primary_network_interface_id": "eni-09f036c6f87ec45ca",
                            "private_dns": "ip-10-10-1-132.eu-west-1.compute.internal",
                            "private_ip": "10.10.1.132",
                            "public_dns": "ec2-54-229-185-212.eu-west-1.compute.amazonaws.com",
                            "public_ip": "54.229.185.212",
                            "root_block_device.#": "1",
                            "root_block_device.0.delete_on_termination": "true",
                            "root_block_device.0.iops": "100",
                            "root_block_device.0.volume_id": "vol-0afb693fa257289a4",
                            "root_block_device.0.volume_size": "8",
                            "root_block_device.0.volume_type": "gp2",
                            "security_groups.#": "0",
                            "source_dest_check": "true",
                            "subnet_id": "subnet-024612388109d13d8",
                            "tags.%": "1",
                            "tags.Name": "tf_Instance-1",
                            "tenancy": "default",
                            "user_data": "b64378057b14965c90d41ddf0fe194d882fe27ef",
                            "volume_tags.%": "0",
                            "vpc_security_group_ids.#": "1",
                            "vpc_security_group_ids.2369744230": "sg-0e32c6cff8a7fb932"
                        },
                        "meta": {
                            "e2bfb730-ecaa-11e6-8f88-34363bc7c4c0": {
                                "create": 600000000000,
                                "delete": 1200000000000,
                                "update": 600000000000
                            },
                            "schema_version": "1"
                        },
                        "tainted": false
                    },
                    "deposed": [],
                    "provider": "provider.aws"
                },
                "aws_instance.tf_instance.1": {
                    "type": "aws_instance",
                    "depends_on": [
                        "aws_key_pair.tf_key_pair",
                        "data.aws_ami.server_ami",
                        "data.template_file.bootstrap_script.*"
                    ],
                    "primary": {
                        "id": "i-0db6d7b766cd2fbe3",
                        "attributes": {
                            "ami": "ami-0862aabda3fb488b5",
                            "arn": "arn:aws:ec2:eu-west-1:451113728427:instance/i-0db6d7b766cd2fbe3",
                            "associate_public_ip_address": "true",
                            "availability_zone": "eu-west-1b",
                            "cpu_core_count": "1",
                            "cpu_threads_per_core": "1",
                            "credit_specification.#": "1",
                            "credit_specification.0.cpu_credits": "standard",
                            "disable_api_termination": "false",
                            "ebs_block_device.#": "0",
                            "ebs_optimized": "false",
                            "ephemeral_block_device.#": "0",
                            "get_password_data": "false",
                            "iam_instance_profile": "",
                            "id": "i-0db6d7b766cd2fbe3",
                            "instance_state": "running",
                            "instance_type": "t2.micro",
                            "ipv6_address_count": "0",
                            "ipv6_addresses.#": "0",
                            "key_name": "tf_sshkey",
                            "monitoring": "false",
                            "network_interface.#": "0",
                            "password_data": "",
                            "placement_group": "",
                            "primary_network_interface_id": "eni-0246513281da9c4b3",
                            "private_dns": "ip-10-10-2-76.eu-west-1.compute.internal",
                            "private_ip": "10.10.2.76",
                            "public_dns": "ec2-52-214-126-234.eu-west-1.compute.amazonaws.com",
                            "public_ip": "52.214.126.234",
                            "root_block_device.#": "1",
                            "root_block_device.0.delete_on_termination": "true",
                            "root_block_device.0.iops": "100",
                            "root_block_device.0.volume_id": "vol-0beda5c46d0dfbbf1",
                            "root_block_device.0.volume_size": "8",
                            "root_block_device.0.volume_type": "gp2",
                            "security_groups.#": "0",
                            "source_dest_check": "true",
                            "subnet_id": "subnet-0a1da311a3b9ff7c2",
                            "tags.%": "1",
                            "tags.Name": "tf_Instance-2",
                            "tenancy": "default",
                            "user_data": "46dacbda3dbaabcb9edeb5445f2b357f176473e7",
                            "volume_tags.%": "0",
                            "vpc_security_group_ids.#": "1",
                            "vpc_security_group_ids.2369744230": "sg-0e32c6cff8a7fb932"
                        },
                        "meta": {
                            "e2bfb730-ecaa-11e6-8f88-34363bc7c4c0": {
                                "create": 600000000000,
                                "delete": 1200000000000,
                                "update": 600000000000
                            },
                            "schema_version": "1"
                        },
                        "tainted": false
                    },
                    "deposed": [],
                    "provider": "provider.aws"
                },
                "aws_key_pair.tf_key_pair": {
                    "type": "aws_key_pair",
                    "depends_on": [],
                    "primary": {
                        "id": "tf_sshkey",
                        "attributes": {
                            "fingerprint": "ba:4a:61:bc:34:4e:8e:65:76:46:06:b0:ec:cd:96:47",
                            "id": "tf_sshkey",
                            "key_name": "tf_sshkey",
                            "public_key": "ssh-rsa AAAAB3NzaC1yc2EAAAADAQABAAABAQDWNMJVkTLrPOJtzYwPRxqtEwFvJi2f1pUDlMKBME1e/x1FvJv9uWVzbYu+Lq75Hpk3Vks+RTQoUbSd45748kOvjcshdCDlWYH06W2SRumNyr0DWOdcXwBluTsS2g+nOyPMdbThL5E3/WhBBpPvs+Mh8lwBk2dTQmH8HmNnE9WDEDCOr/URH+nqOCllIyJt6HF51m10rJSxljWaURJfF/q1ZOIEdLLLBIHvcI5meuQyHQ/vffaUqI+sfZz5nur3XfN4dftEt0US1w+ermiVFt62ceNAdqWn/zF8ZYUd+r/CJ/9UDr7bGUql0uV3HctM/2mSCMXpPvauUZ58XywMlMWj ec2-user@ip-172-31-17-82"
                        },
                        "meta": {
                            "schema_version": "1"
                        },
                        "tainted": false
                    },
                    "deposed": [],
                    "provider": "provider.aws"
                },
                "data.aws_ami.server_ami": {
                    "type": "aws_ami",
                    "depends_on": [],
                    "primary": {
                        "id": "ami-0862aabda3fb488b5",
                        "attributes": {
                            "architecture": "x86_64",
                            "block_device_mappings.#": "1",
                            "block_device_mappings.340275815.device_name": "/dev/xvda",
                            "block_device_mappings.340275815.ebs.%": "6",
                            "block_device_mappings.340275815.ebs.delete_on_termination": "true",
                            "block_device_mappings.340275815.ebs.encrypted": "false",
                            "block_device_mappings.340275815.ebs.iops": "0",
                            "block_device_mappings.340275815.ebs.snapshot_id": "snap-03223d6be8b1043ca",
                            "block_device_mappings.340275815.ebs.volume_size": "8",
                            "block_device_mappings.340275815.ebs.volume_type": "gp2",
                            "block_device_mappings.340275815.no_device": "",
                            "block_device_mappings.340275815.virtual_name": "",
                            "creation_date": "2019-06-11T01:59:29.000Z",
                            "description": "Amazon Linux AMI 2018.03.0.20190611 x86_64 HVM gp2",
                            "filter.#": "1",
                            "filter.2898439165.name": "name",
                            "filter.2898439165.values.#": "1",
                            "filter.2898439165.values.0": "amzn-ami-hvm*-x86_64-gp2",
                            "hypervisor": "xen",
                            "id": "ami-0862aabda3fb488b5",
                            "image_id": "ami-0862aabda3fb488b5",
                            "image_location": "amazon/amzn-ami-hvm-2018.03.0.20190611-x86_64-gp2",
                            "image_owner_alias": "amazon",
                            "image_type": "machine",
                            "most_recent": "true",
                            "name": "amzn-ami-hvm-2018.03.0.20190611-x86_64-gp2",
                            "owner_id": "137112412989",
                            "owners.#": "1",
                            "owners.0": "amazon",
                            "product_codes.#": "0",
                            "public": "true",
                            "root_device_name": "/dev/xvda",
                            "root_device_type": "ebs",
                            "root_snapshot_id": "snap-03223d6be8b1043ca",
                            "sriov_net_support": "simple",
                            "state": "available",
                            "state_reason.%": "2",
                            "state_reason.code": "UNSET",
                            "state_reason.message": "UNSET",
                            "tags.%": "0",
                            "virtualization_type": "hvm"
                        },
                        "meta": {},
                        "tainted": false
                    },
                    "deposed": [],
                    "provider": "provider.aws"
                },
                "data.template_file.bootstrap_script.0": {
                    "type": "template_file",
                    "depends_on": [],
                    "primary": {
                        "id": "daa56eaeac0b342ec79d3f65bf6838d0b4e0a8746ac4447f20107b2fafae9c63",
                        "attributes": {
                            "id": "daa56eaeac0b342ec79d3f65bf6838d0b4e0a8746ac4447f20107b2fafae9c63",
                            "rendered": "#!/bin/bash\nyum install https -y\necho \"firewall subnet: 10.10.1.0/24\" \u003e\u003e /var/www/html/index.html\nservice httpd start\nchkconfig httpd on",
                            "template": "#!/bin/bash\nyum install https -y\necho \"firewall subnet: ${fw_subnets}\" \u003e\u003e /var/www/html/index.html\nservice httpd start\nchkconfig httpd on",
                            "vars.%": "1",
                            "vars.fw_subnets": "10.10.1.0/24"
                        },
                        "meta": {},
                        "tainted": false
                    },
                    "deposed": [],
                    "provider": "provider.template"
                },
                "data.template_file.bootstrap_script.1": {
                    "type": "template_file",
                    "depends_on": [],
                    "primary": {
                        "id": "9ea7d7ea3588d3a3cac14c68f794c21d2a0060b5808faca1e00d14e6cc479c34",
                        "attributes": {
                            "id": "9ea7d7ea3588d3a3cac14c68f794c21d2a0060b5808faca1e00d14e6cc479c34",
                            "rendered": "#!/bin/bash\nyum install https -y\necho \"firewall subnet: 10.10.2.0/24\" \u003e\u003e /var/www/html/index.html\nservice httpd start\nchkconfig httpd on",
                            "template": "#!/bin/bash\nyum install https -y\necho \"firewall subnet: ${fw_subnets}\" \u003e\u003e /var/www/html/index.html\nservice httpd start\nchkconfig httpd on",
                            "vars.%": "1",
                            "vars.fw_subnets": "10.10.2.0/24"
                        },
                        "meta": {},
                        "tainted": false
                    },
                    "deposed": [],
                    "provider": "provider.template"
                }
            },
            "depends_on": []
        },
        {
            "path": [
                "root",
                "network"
            ],
            "outputs": {
                "public_sg": {
                    "sensitive": false,
                    "type": "string",
                    "value": "sg-0e32c6cff8a7fb932"
                },
                "public_subnets": {
                    "sensitive": false,
                    "type": "list",
                    "value": [
                        "subnet-024612388109d13d8",
                        "subnet-0a1da311a3b9ff7c2"
                    ]
                },
                "subnet_ips": {
                    "sensitive": false,
                    "type": "list",
                    "value": [
                        "10.10.1.0/24",
                        "10.10.2.0/24"
                    ]
                }
            },
            "resources": {
                "aws_default_route_table.tf_private_rt": {
                    "type": "aws_default_route_table",
                    "depends_on": [
                        "aws_vpc.tf_vpc"
                    ],
                    "primary": {
                        "id": "rtb-001ba4dcb3851f836",
                        "attributes": {
                            "default_route_table_id": "rtb-001ba4dcb3851f836",
                            "id": "rtb-001ba4dcb3851f836",
                            "owner_id": "451113728427",
                            "propagating_vgws.#": "0",
                            "route.#": "0",
                            "tags.%": "1",
                            "tags.Name": "tf_private_rt",
                            "vpc_id": "vpc-0294885b0e5f30819"
                        },
                        "meta": {},
                        "tainted": false
                    },
                    "deposed": [],
                    "provider": "provider.aws"
                },
                "aws_internet_gateway.tf_igw": {
                    "type": "aws_internet_gateway",
                    "depends_on": [
                        "aws_vpc.tf_vpc"
                    ],
                    "primary": {
                        "id": "igw-05259da81ef7b0db5",
                        "attributes": {
                            "id": "igw-05259da81ef7b0db5",
                            "owner_id": "451113728427",
                            "tags.%": "1",
                            "tags.Name": "tf_igw",
                            "vpc_id": "vpc-0294885b0e5f30819"
                        },
                        "meta": {},
                        "tainted": false
                    },
                    "deposed": [],
                    "provider": "provider.aws"
                },
                "aws_route_table.tf_public_rt": {
                    "type": "aws_route_table",
                    "depends_on": [
                        "aws_internet_gateway.tf_igw",
                        "aws_vpc.tf_vpc"
                    ],
                    "primary": {
                        "id": "rtb-08ebe4578be1b8ec7",
                        "attributes": {
                            "id": "rtb-08ebe4578be1b8ec7",
                            "owner_id": "451113728427",
                            "propagating_vgws.#": "0",
                            "route.#": "1",
                            "route.389439974.cidr_block": "0.0.0.0/0",
                            "route.389439974.egress_only_gateway_id": "",
                            "route.389439974.gateway_id": "igw-05259da81ef7b0db5",
                            "route.389439974.instance_id": "",
                            "route.389439974.ipv6_cidr_block": "",
                            "route.389439974.nat_gateway_id": "",
                            "route.389439974.network_interface_id": "",
                            "route.389439974.transit_gateway_id": "",
                            "route.389439974.vpc_peering_connection_id": "",
                            "tags.%": "1",
                            "tags.Name": "tf_public_rt",
                            "vpc_id": "vpc-0294885b0e5f30819"
                        },
                        "meta": {},
                        "tainted": false
                    },
                    "deposed": [],
                    "provider": "provider.aws"
                },
                "aws_route_table_association.tf_public_asoc.0": {
                    "type": "aws_route_table_association",
                    "depends_on": [
                        "aws_route_table.tf_public_rt",
                        "aws_subnet.tf_public_subnet",
                        "aws_subnet.tf_public_subnet.*"
                    ],
                    "primary": {
                        "id": "rtbassoc-0d7f315a8396c6d01",
                        "attributes": {
                            "id": "rtbassoc-0d7f315a8396c6d01",
                            "route_table_id": "rtb-08ebe4578be1b8ec7",
                            "subnet_id": "subnet-024612388109d13d8"
                        },
                        "meta": {},
                        "tainted": false
                    },
                    "deposed": [],
                    "provider": "provider.aws"
                },
                "aws_route_table_association.tf_public_asoc.1": {
                    "type": "aws_route_table_association",
                    "depends_on": [
                        "aws_route_table.tf_public_rt",
                        "aws_subnet.tf_public_subnet",
                        "aws_subnet.tf_public_subnet.*"
                    ],
                    "primary": {
                        "id": "rtbassoc-03b8a4e4b0edfc229",
                        "attributes": {
                            "id": "rtbassoc-03b8a4e4b0edfc229",
                            "route_table_id": "rtb-08ebe4578be1b8ec7",
                            "subnet_id": "subnet-0a1da311a3b9ff7c2"
                        },
                        "meta": {},
                        "tainted": false
                    },
                    "deposed": [],
                    "provider": "provider.aws"
                },
                "aws_security_group.tf_public_sg": {
                    "type": "aws_security_group",
                    "depends_on": [
                        "aws_vpc.tf_vpc"
                    ],
                    "primary": {
                        "id": "sg-0e32c6cff8a7fb932",
                        "attributes": {
                            "arn": "arn:aws:ec2:eu-west-1:451113728427:security-group/sg-0e32c6cff8a7fb932",
                            "description": "public security group",
                            "egress.#": "1",
                            "egress.482069346.cidr_blocks.#": "1",
                            "egress.482069346.cidr_blocks.0": "0.0.0.0/0",
                            "egress.482069346.description": "",
                            "egress.482069346.from_port": "0",
                            "egress.482069346.ipv6_cidr_blocks.#": "0",
                            "egress.482069346.prefix_list_ids.#": "0",
                            "egress.482069346.protocol": "-1",
                            "egress.482069346.security_groups.#": "0",
                            "egress.482069346.self": "false",
                            "egress.482069346.to_port": "0",
                            "id": "sg-0e32c6cff8a7fb932",
                            "ingress.#": "2",
                            "ingress.2214680975.cidr_blocks.#": "1",
                            "ingress.2214680975.cidr_blocks.0": "0.0.0.0/0",
                            "ingress.2214680975.description": "",
                            "ingress.2214680975.from_port": "80",
                            "ingress.2214680975.ipv6_cidr_blocks.#": "0",
                            "ingress.2214680975.prefix_list_ids.#": "0",
                            "ingress.2214680975.protocol": "tcp",
                            "ingress.2214680975.security_groups.#": "0",
                            "ingress.2214680975.self": "false",
                            "ingress.2214680975.to_port": "80",
                            "ingress.2541437006.cidr_blocks.#": "1",
                            "ingress.2541437006.cidr_blocks.0": "0.0.0.0/0",
                            "ingress.2541437006.description": "",
                            "ingress.2541437006.from_port": "22",
                            "ingress.2541437006.ipv6_cidr_blocks.#": "0",
                            "ingress.2541437006.prefix_list_ids.#": "0",
                            "ingress.2541437006.protocol": "tcp",
                            "ingress.2541437006.security_groups.#": "0",
                            "ingress.2541437006.self": "false",
                            "ingress.2541437006.to_port": "22",
                            "name": "tf_public_sg",
                            "owner_id": "451113728427",
                            "revoke_rules_on_delete": "false",
                            "tags.%": "0",
                            "vpc_id": "vpc-0294885b0e5f30819"
                        },
                        "meta": {
                            "e2bfb730-ecaa-11e6-8f88-34363bc7c4c0": {
                                "create": 600000000000,
                                "delete": 600000000000
                            },
                            "schema_version": "1"
                        },
                        "tainted": false
                    },
                    "deposed": [],
                    "provider": "provider.aws"
                },
                "aws_subnet.tf_public_subnet.0": {
                    "type": "aws_subnet",
                    "depends_on": [
                        "aws_vpc.tf_vpc",
                        "data.aws_availability_zones.azs"
                    ],
                    "primary": {
                        "id": "subnet-024612388109d13d8",
                        "attributes": {
                            "arn": "arn:aws:ec2:eu-west-1:451113728427:subnet/subnet-024612388109d13d8",
                            "assign_ipv6_address_on_creation": "false",
                            "availability_zone": "eu-west-1a",
                            "availability_zone_id": "euw1-az1",
                            "cidr_block": "10.10.1.0/24",
                            "id": "subnet-024612388109d13d8",
                            "ipv6_cidr_block": "",
                            "ipv6_cidr_block_association_id": "",
                            "map_public_ip_on_launch": "true",
                            "owner_id": "451113728427",
                            "tags.%": "1",
                            "tags.Name": "tf_public_subnet_1",
                            "vpc_id": "vpc-0294885b0e5f30819"
                        },
                        "meta": {
                            "e2bfb730-ecaa-11e6-8f88-34363bc7c4c0": {
                                "create": 600000000000,
                                "delete": 1200000000000
                            },
                            "schema_version": "1"
                        },
                        "tainted": false
                    },
                    "deposed": [],
                    "provider": "provider.aws"
                },
                "aws_subnet.tf_public_subnet.1": {
                    "type": "aws_subnet",
                    "depends_on": [
                        "aws_vpc.tf_vpc",
                        "data.aws_availability_zones.azs"
                    ],
                    "primary": {
                        "id": "subnet-0a1da311a3b9ff7c2",
                        "attributes": {
                            "arn": "arn:aws:ec2:eu-west-1:451113728427:subnet/subnet-0a1da311a3b9ff7c2",
                            "assign_ipv6_address_on_creation": "false",
                            "availability_zone": "eu-west-1b",
                            "availability_zone_id": "euw1-az2",
                            "cidr_block": "10.10.2.0/24",
                            "id": "subnet-0a1da311a3b9ff7c2",
                            "ipv6_cidr_block": "",
                            "ipv6_cidr_block_association_id": "",
                            "map_public_ip_on_launch": "true",
                            "owner_id": "451113728427",
                            "tags.%": "1",
                            "tags.Name": "tf_public_subnet_2",
                            "vpc_id": "vpc-0294885b0e5f30819"
                        },
                        "meta": {
                            "e2bfb730-ecaa-11e6-8f88-34363bc7c4c0": {
                                "create": 600000000000,
                                "delete": 1200000000000
                            },
                            "schema_version": "1"
                        },
                        "tainted": false
                    },
                    "deposed": [],
                    "provider": "provider.aws"
                },
                "aws_vpc.tf_vpc": {
                    "type": "aws_vpc",
                    "depends_on": [],
                    "primary": {
                        "id": "vpc-0294885b0e5f30819",
                        "attributes": {
                            "arn": "arn:aws:ec2:eu-west-1:451113728427:vpc/vpc-0294885b0e5f30819",
                            "assign_generated_ipv6_cidr_block": "false",
                            "cidr_block": "10.10.0.0/16",
                            "default_network_acl_id": "acl-0c2d8328d6c22b0ae",
                            "default_route_table_id": "rtb-001ba4dcb3851f836",
                            "default_security_group_id": "sg-0af146f0dd2b87d4b",
                            "dhcp_options_id": "dopt-4badc52d",
                            "enable_classiclink": "false",
                            "enable_classiclink_dns_support": "false",
                            "enable_dns_hostnames": "true",
                            "enable_dns_support": "true",
                            "id": "vpc-0294885b0e5f30819",
                            "instance_tenancy": "default",
                            "ipv6_association_id": "",
                            "ipv6_cidr_block": "",
                            "main_route_table_id": "rtb-001ba4dcb3851f836",
                            "owner_id": "451113728427",
                            "tags.%": "1",
                            "tags.Name": "tf_vpc"
                        },
                        "meta": {
                            "schema_version": "1"
                        },
                        "tainted": false
                    },
                    "deposed": [],
                    "provider": "provider.aws"
                },
                "data.aws_availability_zones.azs": {
                    "type": "aws_availability_zones",
                    "depends_on": [],
                    "primary": {
                        "id": "2019-06-19 00:09:00.935567858 +0000 UTC",
                        "attributes": {
                            "id": "2019-06-19 00:09:00.935567858 +0000 UTC",
                            "names.#": "3",
                            "names.0": "eu-west-1a",
                            "names.1": "eu-west-1b",
                            "names.2": "eu-west-1c",
                            "zone_ids.#": "3",
                            "zone_ids.0": "euw1-az1",
                            "zone_ids.1": "euw1-az2",
                            "zone_ids.2": "euw1-az3"
                        },
                        "meta": {},
                        "tainted": false
                    },
                    "deposed": [],
                    "provider": "provider.aws"
                }
            },
            "depends_on": []
        },
        {
            "path": [
                "root",
                "s3_bucket"
            ],
            "outputs": {
                "bucketname": {
                    "sensitive": false,
                    "type": "string",
                    "value": "mttfproject-50363"
                }
            },
            "resources": {
                "aws_s3_bucket.tf_code_bucket": {
                    "type": "aws_s3_bucket",
                    "depends_on": [
                        "random_id.tf_bucket_id"
                    ],
                    "primary": {
                        "id": "mttfproject-50363",
                        "attributes": {
                            "acceleration_status": "",
                            "acl": "private",
                            "arn": "arn:aws:s3:::mttfproject-50363",
                            "bucket": "mttfproject-50363",
                            "bucket_domain_name": "mttfproject-50363.s3.amazonaws.com",
                            "bucket_regional_domain_name": "mttfproject-50363.s3.eu-west-1.amazonaws.com",
                            "cors_rule.#": "0",
                            "force_destroy": "true",
                            "hosted_zone_id": "Z1BKCTXD74EZPE",
                            "id": "mttfproject-50363",
                            "lifecycle_rule.#": "0",
                            "logging.#": "0",
                            "object_lock_configuration.#": "0",
                            "region": "eu-west-1",
                            "replication_configuration.#": "0",
                            "request_payer": "BucketOwner",
                            "server_side_encryption_configuration.#": "0",
                            "tags.%": "1",
                            "tags.Name": "tf_code_bucket",
                            "versioning.#": "1",
                            "versioning.0.enabled": "false",
                            "versioning.0.mfa_delete": "false",
                            "website.#": "0"
                        },
                        "meta": {},
                        "tainted": false
                    },
                    "deposed": [],
                    "provider": "provider.aws"
                },
                "random_id.tf_bucket_id": {
                    "type": "random_id",
                    "depends_on": [],
                    "primary": {
                        "id": "xLs",
                        "attributes": {
                            "b64": "xLs",
                            "b64_std": "xLs=",
                            "b64_url": "xLs",
                            "byte_length": "2",
                            "dec": "50363",
                            "hex": "c4bb",
                            "id": "xLs"
                        },
                        "meta": {},
                        "tainted": false
                    },
                    "deposed": [],
                    "provider": "provider.random"
                }
            },
            "depends_on": []
        }
    ]
}
