{
    "version": 3,
    "terraform_version": "0.11.14",
    "serial": 6,
    "lineage": "7b51035f-3701-e497-a19a-4d01fb9dfbbf",
    "modules": [
        {
            "path": [
                "root"
            ],
            "outputs": {
                "s3_bucket_name": {
                    "sensitive": false,
                    "type": "string",
                    "value": "mttfproject-42334"
                }
            },
            "resources": {},
            "depends_on": []
        },
        {
            "path": [
                "root",
                "networking"
            ],
            "outputs": {},
            "resources": {
                "aws_default_route_table.tf_private_rt": {
                    "type": "aws_default_route_table",
                    "depends_on": [
                        "aws_vpc.tf_vpc"
                    ],
                    "primary": {
                        "id": "rtb-005dd60b38660cf11",
                        "attributes": {
                            "default_route_table_id": "rtb-005dd60b38660cf11",
                            "id": "rtb-005dd60b38660cf11",
                            "owner_id": "451113728427",
                            "propagating_vgws.#": "0",
                            "route.#": "0",
                            "tags.%": "1",
                            "tags.Name": "tf_private_rt",
                            "vpc_id": "vpc-08f0fcdb8a183a7b1"
                        },
                        "meta": {},
                        "tainted": false
                    },
                    "deposed": [],
                    "provider": "provider.aws"
                },
                "aws_internet_gateway.tf_igw": {
                    "type": "aws_internet_gateway",
                    "depends_on": [
                        "aws_vpc.tf_vpc"
                    ],
                    "primary": {
                        "id": "igw-0963819f11d260f50",
                        "attributes": {
                            "id": "igw-0963819f11d260f50",
                            "owner_id": "451113728427",
                            "tags.%": "1",
                            "tags.Name": "tf_igw",
                            "vpc_id": "vpc-08f0fcdb8a183a7b1"
                        },
                        "meta": {},
                        "tainted": false
                    },
                    "deposed": [],
                    "provider": "provider.aws"
                },
                "aws_route_table.tf_public_rt": {
                    "type": "aws_route_table",
                    "depends_on": [
                        "aws_internet_gateway.tf_igw",
                        "aws_vpc.tf_vpc"
                    ],
                    "primary": {
                        "id": "rtb-0ea5d6a90bc599824",
                        "attributes": {
                            "id": "rtb-0ea5d6a90bc599824",
                            "owner_id": "451113728427",
                            "propagating_vgws.#": "0",
                            "route.#": "1",
                            "route.2908460890.cidr_block": "0.0.0.0/0",
                            "route.2908460890.egress_only_gateway_id": "",
                            "route.2908460890.gateway_id": "igw-0963819f11d260f50",
                            "route.2908460890.instance_id": "",
                            "route.2908460890.ipv6_cidr_block": "",
                            "route.2908460890.nat_gateway_id": "",
                            "route.2908460890.network_interface_id": "",
                            "route.2908460890.transit_gateway_id": "",
                            "route.2908460890.vpc_peering_connection_id": "",
                            "tags.%": "1",
                            "tags.Name": "tf_public_rt",
                            "vpc_id": "vpc-08f0fcdb8a183a7b1"
                        },
                        "meta": {},
                        "tainted": false
                    },
                    "deposed": [],
                    "provider": "provider.aws"
                },
                "aws_route_table_association.tf_public_asoc.0": {
                    "type": "aws_route_table_association",
                    "depends_on": [
                        "aws_route_table.tf_public_rt",
                        "aws_subnet.tf_public_subnet",
                        "aws_subnet.tf_public_subnet.*"
                    ],
                    "primary": {
                        "id": "rtbassoc-094f29dfff618cf81",
                        "attributes": {
                            "id": "rtbassoc-094f29dfff618cf81",
                            "route_table_id": "rtb-0ea5d6a90bc599824",
                            "subnet_id": "subnet-0ee9f55cfec36111d"
                        },
                        "meta": {},
                        "tainted": false
                    },
                    "deposed": [],
                    "provider": "provider.aws"
                },
                "aws_route_table_association.tf_public_asoc.1": {
                    "type": "aws_route_table_association",
                    "depends_on": [
                        "aws_route_table.tf_public_rt",
                        "aws_subnet.tf_public_subnet",
                        "aws_subnet.tf_public_subnet.*"
                    ],
                    "primary": {
                        "id": "rtbassoc-02671d5a1e1409142",
                        "attributes": {
                            "id": "rtbassoc-02671d5a1e1409142",
                            "route_table_id": "rtb-0ea5d6a90bc599824",
                            "subnet_id": "subnet-0a05be573b79ca359"
                        },
                        "meta": {},
                        "tainted": false
                    },
                    "deposed": [],
                    "provider": "provider.aws"
                },
                "aws_security_group.tf_public_sg": {
                    "type": "aws_security_group",
                    "depends_on": [
                        "aws_vpc.tf_vpc"
                    ],
                    "primary": {
                        "id": "sg-041c406ae48d64d75",
                        "attributes": {
                            "arn": "arn:aws:ec2:eu-west-1:451113728427:security-group/sg-041c406ae48d64d75",
                            "description": "public security group",
                            "egress.#": "1",
                            "egress.482069346.cidr_blocks.#": "1",
                            "egress.482069346.cidr_blocks.0": "0.0.0.0/0",
                            "egress.482069346.description": "",
                            "egress.482069346.from_port": "0",
                            "egress.482069346.ipv6_cidr_blocks.#": "0",
                            "egress.482069346.prefix_list_ids.#": "0",
                            "egress.482069346.protocol": "-1",
                            "egress.482069346.security_groups.#": "0",
                            "egress.482069346.self": "false",
                            "egress.482069346.to_port": "0",
                            "id": "sg-041c406ae48d64d75",
                            "ingress.#": "2",
                            "ingress.2214680975.cidr_blocks.#": "1",
                            "ingress.2214680975.cidr_blocks.0": "0.0.0.0/0",
                            "ingress.2214680975.description": "",
                            "ingress.2214680975.from_port": "80",
                            "ingress.2214680975.ipv6_cidr_blocks.#": "0",
                            "ingress.2214680975.prefix_list_ids.#": "0",
                            "ingress.2214680975.protocol": "tcp",
                            "ingress.2214680975.security_groups.#": "0",
                            "ingress.2214680975.self": "false",
                            "ingress.2214680975.to_port": "80",
                            "ingress.2541437006.cidr_blocks.#": "1",
                            "ingress.2541437006.cidr_blocks.0": "0.0.0.0/0",
                            "ingress.2541437006.description": "",
                            "ingress.2541437006.from_port": "22",
                            "ingress.2541437006.ipv6_cidr_blocks.#": "0",
                            "ingress.2541437006.prefix_list_ids.#": "0",
                            "ingress.2541437006.protocol": "tcp",
                            "ingress.2541437006.security_groups.#": "0",
                            "ingress.2541437006.self": "false",
                            "ingress.2541437006.to_port": "22",
                            "name": "tf_public_sg",
                            "owner_id": "451113728427",
                            "revoke_rules_on_delete": "false",
                            "tags.%": "0",
                            "vpc_id": "vpc-08f0fcdb8a183a7b1"
                        },
                        "meta": {
                            "e2bfb730-ecaa-11e6-8f88-34363bc7c4c0": {
                                "create": 600000000000,
                                "delete": 600000000000
                            },
                            "schema_version": "1"
                        },
                        "tainted": false
                    },
                    "deposed": [],
                    "provider": "provider.aws"
                },
                "aws_subnet.tf_public_subnet.0": {
                    "type": "aws_subnet",
                    "depends_on": [
                        "aws_vpc.tf_vpc",
                        "data.aws_availability_zones.azs"
                    ],
                    "primary": {
                        "id": "subnet-0ee9f55cfec36111d",
                        "attributes": {
                            "arn": "arn:aws:ec2:eu-west-1:451113728427:subnet/subnet-0ee9f55cfec36111d",
                            "assign_ipv6_address_on_creation": "false",
                            "availability_zone": "eu-west-1a",
                            "availability_zone_id": "euw1-az1",
                            "cidr_block": "10.10.1.0/24",
                            "id": "subnet-0ee9f55cfec36111d",
                            "ipv6_cidr_block": "",
                            "ipv6_cidr_block_association_id": "",
                            "map_public_ip_on_launch": "true",
                            "owner_id": "451113728427",
                            "tags.%": "1",
                            "tags.Name": "tf_public_subnet_1",
                            "vpc_id": "vpc-08f0fcdb8a183a7b1"
                        },
                        "meta": {
                            "e2bfb730-ecaa-11e6-8f88-34363bc7c4c0": {
                                "create": 600000000000,
                                "delete": 1200000000000
                            },
                            "schema_version": "1"
                        },
                        "tainted": false
                    },
                    "deposed": [],
                    "provider": "provider.aws"
                },
                "aws_subnet.tf_public_subnet.1": {
                    "type": "aws_subnet",
                    "depends_on": [
                        "aws_vpc.tf_vpc",
                        "data.aws_availability_zones.azs"
                    ],
                    "primary": {
                        "id": "subnet-0a05be573b79ca359",
                        "attributes": {
                            "arn": "arn:aws:ec2:eu-west-1:451113728427:subnet/subnet-0a05be573b79ca359",
                            "assign_ipv6_address_on_creation": "false",
                            "availability_zone": "eu-west-1b",
                            "availability_zone_id": "euw1-az2",
                            "cidr_block": "10.10.2.0/24",
                            "id": "subnet-0a05be573b79ca359",
                            "ipv6_cidr_block": "",
                            "ipv6_cidr_block_association_id": "",
                            "map_public_ip_on_launch": "true",
                            "owner_id": "451113728427",
                            "tags.%": "1",
                            "tags.Name": "tf_public_subnet_2",
                            "vpc_id": "vpc-08f0fcdb8a183a7b1"
                        },
                        "meta": {
                            "e2bfb730-ecaa-11e6-8f88-34363bc7c4c0": {
                                "create": 600000000000,
                                "delete": 1200000000000
                            },
                            "schema_version": "1"
                        },
                        "tainted": false
                    },
                    "deposed": [],
                    "provider": "provider.aws"
                },
                "aws_vpc.tf_vpc": {
                    "type": "aws_vpc",
                    "depends_on": [],
                    "primary": {
                        "id": "vpc-08f0fcdb8a183a7b1",
                        "attributes": {
                            "arn": "arn:aws:ec2:eu-west-1:451113728427:vpc/vpc-08f0fcdb8a183a7b1",
                            "assign_generated_ipv6_cidr_block": "false",
                            "cidr_block": "10.10.0.0/16",
                            "default_network_acl_id": "acl-0b65fd7f11007ed91",
                            "default_route_table_id": "rtb-005dd60b38660cf11",
                            "default_security_group_id": "sg-0cf1941e75d757e39",
                            "dhcp_options_id": "dopt-4badc52d",
                            "enable_classiclink": "false",
                            "enable_classiclink_dns_support": "false",
                            "enable_dns_hostnames": "true",
                            "enable_dns_support": "true",
                            "id": "vpc-08f0fcdb8a183a7b1",
                            "instance_tenancy": "default",
                            "ipv6_association_id": "",
                            "ipv6_cidr_block": "",
                            "main_route_table_id": "rtb-005dd60b38660cf11",
                            "owner_id": "451113728427",
                            "tags.%": "1",
                            "tags.Name": "tf_vpc"
                        },
                        "meta": {
                            "schema_version": "1"
                        },
                        "tainted": false
                    },
                    "deposed": [],
                    "provider": "provider.aws"
                },
                "data.aws_availability_zones.azs": {
                    "type": "aws_availability_zones",
                    "depends_on": [],
                    "primary": {
                        "id": "2019-06-16 19:14:24.754166213 +0000 UTC",
                        "attributes": {
                            "id": "2019-06-16 19:14:24.754166213 +0000 UTC",
                            "names.#": "3",
                            "names.0": "eu-west-1a",
                            "names.1": "eu-west-1b",
                            "names.2": "eu-west-1c",
                            "zone_ids.#": "3",
                            "zone_ids.0": "euw1-az1",
                            "zone_ids.1": "euw1-az2",
                            "zone_ids.2": "euw1-az3"
                        },
                        "meta": {},
                        "tainted": false
                    },
                    "deposed": [],
                    "provider": "provider.aws"
                }
            },
            "depends_on": []
        },
        {
            "path": [
                "root",
                "s3bucket"
            ],
            "outputs": {
                "bucketname": {
                    "sensitive": false,
                    "type": "string",
                    "value": "mttfproject-42334"
                }
            },
            "resources": {
                "aws_s3_bucket.tf_code_bucket": {
                    "type": "aws_s3_bucket",
                    "depends_on": [
                        "random_id.tf_bucket_id"
                    ],
                    "primary": {
                        "id": "mttfproject-42334",
                        "attributes": {
                            "acceleration_status": "",
                            "acl": "private",
                            "arn": "arn:aws:s3:::mttfproject-42334",
                            "bucket": "mttfproject-42334",
                            "bucket_domain_name": "mttfproject-42334.s3.amazonaws.com",
                            "bucket_regional_domain_name": "mttfproject-42334.s3.eu-west-1.amazonaws.com",
                            "cors_rule.#": "0",
                            "force_destroy": "true",
                            "hosted_zone_id": "Z1BKCTXD74EZPE",
                            "id": "mttfproject-42334",
                            "lifecycle_rule.#": "0",
                            "logging.#": "0",
                            "object_lock_configuration.#": "0",
                            "region": "eu-west-1",
                            "replication_configuration.#": "0",
                            "request_payer": "BucketOwner",
                            "server_side_encryption_configuration.#": "0",
                            "tags.%": "1",
                            "tags.Name": "tf_code_bucket",
                            "versioning.#": "1",
                            "versioning.0.enabled": "false",
                            "versioning.0.mfa_delete": "false",
                            "website.#": "0"
                        },
                        "meta": {},
                        "tainted": false
                    },
                    "deposed": [],
                    "provider": "provider.aws"
                },
                "random_id.tf_bucket_id": {
                    "type": "random_id",
                    "depends_on": [],
                    "primary": {
                        "id": "pV4",
                        "attributes": {
                            "b64": "pV4",
                            "b64_std": "pV4=",
                            "b64_url": "pV4",
                            "byte_length": "2",
                            "dec": "42334",
                            "hex": "a55e",
                            "id": "pV4"
                        },
                        "meta": {},
                        "tainted": false
                    },
                    "deposed": [],
                    "provider": "provider.random"
                }
            },
            "depends_on": []
        }
    ]
}
