{
    "version": 3,
    "terraform_version": "0.11.14",
    "serial": 5,
    "lineage": "81e3c9ed-32f4-e418-d219-8e0cbe3c7db1",
    "modules": [
        {
            "path": [
                "root"
            ],
            "outputs": {},
            "resources": {
                "aws_default_route_table.tf_private_rt": {
                    "type": "aws_default_route_table",
                    "depends_on": [
                        "aws_vpc.tf_vpc"
                    ],
                    "primary": {
                        "id": "rtb-08ce70f91a5f4320e",
                        "attributes": {
                            "default_route_table_id": "rtb-08ce70f91a5f4320e",
                            "id": "rtb-08ce70f91a5f4320e",
                            "owner_id": "451113728427",
                            "propagating_vgws.#": "0",
                            "route.#": "0",
                            "tags.%": "1",
                            "tags.Name": "tf_private_rt",
                            "vpc_id": "vpc-03bea38880a8ff196"
                        },
                        "meta": {},
                        "tainted": false
                    },
                    "deposed": [],
                    "provider": "provider.aws"
                },
                "aws_internet_gateway.tf_igw": {
                    "type": "aws_internet_gateway",
                    "depends_on": [
                        "aws_vpc.tf_vpc"
                    ],
                    "primary": {
                        "id": "igw-054ad54596b2b09b8",
                        "attributes": {
                            "id": "igw-054ad54596b2b09b8",
                            "owner_id": "451113728427",
                            "tags.%": "1",
                            "tags.Name": "tf_igw",
                            "vpc_id": "vpc-03bea38880a8ff196"
                        },
                        "meta": {},
                        "tainted": false
                    },
                    "deposed": [],
                    "provider": "provider.aws"
                },
                "aws_route_table.tf_public_rt": {
                    "type": "aws_route_table",
                    "depends_on": [
                        "aws_internet_gateway.tf_igw",
                        "aws_vpc.tf_vpc"
                    ],
                    "primary": {
                        "id": "rtb-05251e380c845fc52",
                        "attributes": {
                            "id": "rtb-05251e380c845fc52",
                            "owner_id": "451113728427",
                            "propagating_vgws.#": "0",
                            "route.#": "1",
                            "route.2131616140.cidr_block": "0.0.0.0/0",
                            "route.2131616140.egress_only_gateway_id": "",
                            "route.2131616140.gateway_id": "igw-054ad54596b2b09b8",
                            "route.2131616140.instance_id": "",
                            "route.2131616140.ipv6_cidr_block": "",
                            "route.2131616140.nat_gateway_id": "",
                            "route.2131616140.network_interface_id": "",
                            "route.2131616140.transit_gateway_id": "",
                            "route.2131616140.vpc_peering_connection_id": "",
                            "tags.%": "1",
                            "tags.Name": "tf_public_rt",
                            "vpc_id": "vpc-03bea38880a8ff196"
                        },
                        "meta": {},
                        "tainted": false
                    },
                    "deposed": [],
                    "provider": "provider.aws"
                },
                "aws_vpc.tf_vpc": {
                    "type": "aws_vpc",
                    "depends_on": [],
                    "primary": {
                        "id": "vpc-03bea38880a8ff196",
                        "attributes": {
                            "arn": "arn:aws:ec2:eu-west-1:451113728427:vpc/vpc-03bea38880a8ff196",
                            "assign_generated_ipv6_cidr_block": "false",
                            "cidr_block": "10.10.0.0/16",
                            "default_network_acl_id": "acl-0369ae053de74259c",
                            "default_route_table_id": "rtb-08ce70f91a5f4320e",
                            "default_security_group_id": "sg-024d4b392d476646f",
                            "dhcp_options_id": "dopt-4badc52d",
                            "enable_classiclink": "false",
                            "enable_classiclink_dns_support": "false",
                            "enable_dns_hostnames": "true",
                            "enable_dns_support": "true",
                            "id": "vpc-03bea38880a8ff196",
                            "instance_tenancy": "default",
                            "ipv6_association_id": "",
                            "ipv6_cidr_block": "",
                            "main_route_table_id": "rtb-08ce70f91a5f4320e",
                            "owner_id": "451113728427",
                            "tags.%": "1",
                            "tags.Name": "tf_vpc"
                        },
                        "meta": {
                            "schema_version": "1"
                        },
                        "tainted": false
                    },
                    "deposed": [],
                    "provider": "provider.aws"
                },
                "data.aws_availability_zones.azs": {
                    "type": "aws_availability_zones",
                    "depends_on": [],
                    "primary": {
                        "id": "2019-06-16 16:14:58.910618105 +0000 UTC",
                        "attributes": {
                            "id": "2019-06-16 16:14:58.910618105 +0000 UTC",
                            "names.#": "3",
                            "names.0": "eu-west-1a",
                            "names.1": "eu-west-1b",
                            "names.2": "eu-west-1c",
                            "zone_ids.#": "3",
                            "zone_ids.0": "euw1-az1",
                            "zone_ids.1": "euw1-az2",
                            "zone_ids.2": "euw1-az3"
                        },
                        "meta": {},
                        "tainted": false
                    },
                    "deposed": [],
                    "provider": "provider.aws"
                }
            },
            "depends_on": []
        }
    ]
}
